// !$*UTF8*$!
{
	archiveVersion = 1;
	classes = {
	};
	objectVersion = 55;
	objects = {

/* Begin PBXBuildFile section */
		32026E952B0D038D0044367B /* CustomView.swift in Sources */ = {isa = PBXBuildFile; fileRef = 32026E942B0D038D0044367B /* CustomView.swift */; };
		32026E972B0D03F30044367B /* CustomTabBar.swift in Sources */ = {isa = PBXBuildFile; fileRef = 32026E962B0D03F30044367B /* CustomTabBar.swift */; };
		324A16F02B0940EC0099E9B6 /* ListDoctor.swift in Sources */ = {isa = PBXBuildFile; fileRef = 324A16EF2B0940EC0099E9B6 /* ListDoctor.swift */; };
		325927452B04DDBB00BD8A6E /* IosApp.swift in Sources */ = {isa = PBXBuildFile; fileRef = 325927442B04DDBB00BD8A6E /* IosApp.swift */; };
		325927492B04DDBC00BD8A6E /* Assets.xcassets in Resources */ = {isa = PBXBuildFile; fileRef = 325927482B04DDBC00BD8A6E /* Assets.xcassets */; };
		326A72832B0D250100BA8173 /* Localization.strings in Resources */ = {isa = PBXBuildFile; fileRef = 326A72852B0D250100BA8173 /* Localization.strings */; };
		326A72882B0D2BDE00BA8173 /* UserInfo.swift in Sources */ = {isa = PBXBuildFile; fileRef = 326A72872B0D2BDE00BA8173 /* UserInfo.swift */; };
		326A728A2B0D323600BA8173 /* DoctorMenu.swift in Sources */ = {isa = PBXBuildFile; fileRef = 326A72892B0D323600BA8173 /* DoctorMenu.swift */; };
		327C97142B063E1D000BFA56 /* Theme.swift in Sources */ = {isa = PBXBuildFile; fileRef = 327C97132B063E1D000BFA56 /* Theme.swift */; };
		327C97162B063E1D000BFA56 /* DoctorList.swift in Sources */ = {isa = PBXBuildFile; fileRef = 327C97152B063E1D000BFA56 /* DoctorList.swift */; };
		327C97182B063E1D000BFA56 /* DoctorSample.swift in Sources */ = {isa = PBXBuildFile; fileRef = 327C97172B063E1D000BFA56 /* DoctorSample.swift */; };
		3285FE532B0B9DA50096ECBB /* AppColors.swift in Sources */ = {isa = PBXBuildFile; fileRef = 3285FE522B0B9DA50096ECBB /* AppColors.swift */; };
		32999E5A2B07757400588FD9 /* MainScreen.swift in Sources */ = {isa = PBXBuildFile; fileRef = 32999E592B07757400588FD9 /* MainScreen.swift */; };
		32999E5C2B07781C00588FD9 /* HeaderWelcome .swift in Sources */ = {isa = PBXBuildFile; fileRef = 32999E5B2B07781C00588FD9 /* HeaderWelcome .swift */; };
		32999E5E2B07797D00588FD9 /* ChosenDoctorHeader.swift in Sources */ = {isa = PBXBuildFile; fileRef = 32999E5D2B07797D00588FD9 /* ChosenDoctorHeader.swift */; };
		329C525E2B07E19600329251 /* SearchButton.swift in Sources */ = {isa = PBXBuildFile; fileRef = 329C525D2B07E19600329251 /* SearchButton.swift */; };
		32AE6B842B0908C600564924 /* IconsList.swift in Sources */ = {isa = PBXBuildFile; fileRef = 32AE6B832B0908C600564924 /* IconsList.swift */; };
		32AF96B82B0DF6AE008A15AD /* GeneralImages.swift in Sources */ = {isa = PBXBuildFile; fileRef = 32AF96B72B0DF6AE008A15AD /* GeneralImages.swift */; };
		32AF96BA2B0E0668008A15AD /* Poppins-SemiBold.ttf in Resources */ = {isa = PBXBuildFile; fileRef = 32AF96B92B0E0668008A15AD /* Poppins-SemiBold.ttf */; };
		32AF96BC2B0E0BAF008A15AD /* Padding&Size.swift in Sources */ = {isa = PBXBuildFile; fileRef = 32AF96BB2B0E0BAF008A15AD /* Padding&Size.swift */; };
		32AF96BE2B0E1019008A15AD /* CustomButtonNav.swift in Sources */ = {isa = PBXBuildFile; fileRef = 32AF96BD2B0E1019008A15AD /* CustomButtonNav.swift */; };
		32AF96C32B0E1EFE008A15AD /* example.swift in Sources */ = {isa = PBXBuildFile; fileRef = 32AF96C22B0E1EFE008A15AD /* example.swift */; };
		32B4809B2B0E3506000CD8D6 /* Screen_1.png in Resources */ = {isa = PBXBuildFile; fileRef = 32B4809A2B0E3506000CD8D6 /* Screen_1.png */; };
		32B4809D2B0E3511000CD8D6 /* Screen_2.png in Resources */ = {isa = PBXBuildFile; fileRef = 32B4809C2B0E3511000CD8D6 /* Screen_2.png */; };
		32D850342B0A6E5C0048FD8D /* TokenTipography.swift in Sources */ = {isa = PBXBuildFile; fileRef = 32D850332B0A6E5C0048FD8D /* TokenTipography.swift */; };
		32D850372B0A74E50048FD8D /* Poppins-Regular.ttf in Resources */ = {isa = PBXBuildFile; fileRef = 32D850362B0A74E50048FD8D /* Poppins-Regular.ttf */; };
		32D850392B0A74FF0048FD8D /* Poppins-Bold.ttf in Resources */ = {isa = PBXBuildFile; fileRef = 32D850382B0A74FF0048FD8D /* Poppins-Bold.ttf */; };
		32D8503B2B0A75130048FD8D /* Poppins-Light.ttf in Resources */ = {isa = PBXBuildFile; fileRef = 32D8503A2B0A75130048FD8D /* Poppins-Light.ttf */; };
/* End PBXBuildFile section */

/* Begin PBXFileReference section */
		32026E942B0D038D0044367B /* CustomView.swift */ = {isa = PBXFileReference; lastKnownFileType = sourcecode.swift; path = CustomView.swift; sourceTree = "<group>"; };
		32026E962B0D03F30044367B /* CustomTabBar.swift */ = {isa = PBXFileReference; lastKnownFileType = sourcecode.swift; path = CustomTabBar.swift; sourceTree = "<group>"; };
		324A16EF2B0940EC0099E9B6 /* ListDoctor.swift */ = {isa = PBXFileReference; lastKnownFileType = sourcecode.swift; path = ListDoctor.swift; sourceTree = "<group>"; };
		325927412B04DDBB00BD8A6E /* Ios.app */ = {isa = PBXFileReference; explicitFileType = wrapper.application; includeInIndex = 0; path = Ios.app; sourceTree = BUILT_PRODUCTS_DIR; };
		325927442B04DDBB00BD8A6E /* IosApp.swift */ = {isa = PBXFileReference; lastKnownFileType = sourcecode.swift; path = IosApp.swift; sourceTree = "<group>"; };
		325927482B04DDBC00BD8A6E /* Assets.xcassets */ = {isa = PBXFileReference; lastKnownFileType = folder.assetcatalog; path = Assets.xcassets; sourceTree = "<group>"; };
		326A727F2B0D1B5C00BA8173 /* Nunito-Regular.ttf */ = {isa = PBXFileReference; lastKnownFileType = file; path = "Nunito-Regular.ttf"; sourceTree = "<group>"; };
		326A72802B0D1C9900BA8173 /* Nunito-Bold.ttf */ = {isa = PBXFileReference; lastKnownFileType = file; path = "Nunito-Bold.ttf"; sourceTree = "<group>"; };
		326A72842B0D250100BA8173 /* en */ = {isa = PBXFileReference; lastKnownFileType = text.plist.strings; name = en; path = en.lproj/Localization.strings; sourceTree = "<group>"; };
		326A72872B0D2BDE00BA8173 /* UserInfo.swift */ = {isa = PBXFileReference; lastKnownFileType = sourcecode.swift; path = UserInfo.swift; sourceTree = "<group>"; };
		326A72892B0D323600BA8173 /* DoctorMenu.swift */ = {isa = PBXFileReference; lastKnownFileType = sourcecode.swift; path = DoctorMenu.swift; sourceTree = "<group>"; };
		327C97132B063E1D000BFA56 /* Theme.swift */ = {isa = PBXFileReference; lastKnownFileType = sourcecode.swift; path = Theme.swift; sourceTree = "<group>"; };
		327C97152B063E1D000BFA56 /* DoctorList.swift */ = {isa = PBXFileReference; lastKnownFileType = sourcecode.swift; path = DoctorList.swift; sourceTree = "<group>"; };
		327C97172B063E1D000BFA56 /* DoctorSample.swift */ = {isa = PBXFileReference; lastKnownFileType = sourcecode.swift; path = DoctorSample.swift; sourceTree = "<group>"; };
		3285FE522B0B9DA50096ECBB /* AppColors.swift */ = {isa = PBXFileReference; lastKnownFileType = sourcecode.swift; path = AppColors.swift; sourceTree = "<group>"; };
		32999E592B07757400588FD9 /* MainScreen.swift */ = {isa = PBXFileReference; lastKnownFileType = sourcecode.swift; path = MainScreen.swift; sourceTree = "<group>"; };
		32999E5B2B07781C00588FD9 /* HeaderWelcome .swift */ = {isa = PBXFileReference; lastKnownFileType = sourcecode.swift; path = "HeaderWelcome .swift"; sourceTree = "<group>"; };
		32999E5D2B07797D00588FD9 /* ChosenDoctorHeader.swift */ = {isa = PBXFileReference; lastKnownFileType = sourcecode.swift; path = ChosenDoctorHeader.swift; sourceTree = "<group>"; };
		329C525D2B07E19600329251 /* SearchButton.swift */ = {isa = PBXFileReference; lastKnownFileType = sourcecode.swift; path = SearchButton.swift; sourceTree = "<group>"; };
		32AE6B832B0908C600564924 /* IconsList.swift */ = {isa = PBXFileReference; lastKnownFileType = sourcecode.swift; path = IconsList.swift; sourceTree = "<group>"; };
		32AF96B72B0DF6AE008A15AD /* GeneralImages.swift */ = {isa = PBXFileReference; lastKnownFileType = sourcecode.swift; path = GeneralImages.swift; sourceTree = "<group>"; };
		32AF96B92B0E0668008A15AD /* Poppins-SemiBold.ttf */ = {isa = PBXFileReference; lastKnownFileType = file; path = "Poppins-SemiBold.ttf"; sourceTree = "<group>"; };
		32AF96BB2B0E0BAF008A15AD /* Padding&Size.swift */ = {isa = PBXFileReference; lastKnownFileType = sourcecode.swift; path = "Padding&Size.swift"; sourceTree = "<group>"; };
		32AF96BD2B0E1019008A15AD /* CustomButtonNav.swift */ = {isa = PBXFileReference; lastKnownFileType = sourcecode.swift; path = CustomButtonNav.swift; sourceTree = "<group>"; };
		32AF96C22B0E1EFE008A15AD /* example.swift */ = {isa = PBXFileReference; lastKnownFileType = sourcecode.swift; path = example.swift; sourceTree = "<group>"; };
		32B4809A2B0E3506000CD8D6 /* Screen_1.png */ = {isa = PBXFileReference; lastKnownFileType = image.png; path = Screen_1.png; sourceTree = "<group>"; };
		32B4809C2B0E3511000CD8D6 /* Screen_2.png */ = {isa = PBXFileReference; lastKnownFileType = image.png; path = Screen_2.png; sourceTree = "<group>"; };
		32D850332B0A6E5C0048FD8D /* TokenTipography.swift */ = {isa = PBXFileReference; lastKnownFileType = sourcecode.swift; path = TokenTipography.swift; sourceTree = "<group>"; };
		32D850362B0A74E50048FD8D /* Poppins-Regular.ttf */ = {isa = PBXFileReference; lastKnownFileType = file; path = "Poppins-Regular.ttf"; sourceTree = "<group>"; };
		32D850382B0A74FF0048FD8D /* Poppins-Bold.ttf */ = {isa = PBXFileReference; lastKnownFileType = file; path = "Poppins-Bold.ttf"; sourceTree = "<group>"; };
		32D8503A2B0A75130048FD8D /* Poppins-Light.ttf */ = {isa = PBXFileReference; lastKnownFileType = file; path = "Poppins-Light.ttf"; sourceTree = "<group>"; };
		32D8503C2B0A76380048FD8D /* Info.plist */ = {isa = PBXFileReference; lastKnownFileType = text.plist.xml; path = Info.plist; sourceTree = "<group>"; };
/* End PBXFileReference section */

/* Begin PBXFrameworksBuildPhase section */
		3259273E2B04DDBB00BD8A6E /* Frameworks */ = {
			isa = PBXFrameworksBuildPhase;
			buildActionMask = 2147483647;
			files = (
			);
			runOnlyForDeploymentPostprocessing = 0;
		};
/* End PBXFrameworksBuildPhase section */

/* Begin PBXGroup section */
		325927382B04DDBB00BD8A6E = {
			isa = PBXGroup;
			children = (
				32B480992B0E34EE000CD8D6 /* git_images */,
				326A72852B0D250100BA8173 /* Localization.strings */,
				325927432B04DDBB00BD8A6E /* Ios */,
				325927422B04DDBB00BD8A6E /* Products */,
			);
			sourceTree = "<group>";
		};
		325927422B04DDBB00BD8A6E /* Products */ = {
			isa = PBXGroup;
			children = (
				325927412B04DDBB00BD8A6E /* Ios.app */,
			);
			name = Products;
			sourceTree = "<group>";
		};
		325927432B04DDBB00BD8A6E /* Ios */ = {
			isa = PBXGroup;
			children = (
				32AF96C12B0E1E23008A15AD /* Preview Content */,
				32D8503C2B0A76380048FD8D /* Info.plist */,
				32AF96B62B0DF52C008A15AD /* DesignSystem */,
				32AF96B52B0DF43D008A15AD /* ViewModel */,
				32AF96B42B0DF3D7008A15AD /* Views */,
				3285FE512B0B99270096ECBB /* Assets */,
			);
			path = Ios;
			sourceTree = "<group>";
		};
		3285FE512B0B99270096ECBB /* Assets */ = {
			isa = PBXGroup;
			children = (
				325927482B04DDBC00BD8A6E /* Assets.xcassets */,
				32AF96B72B0DF6AE008A15AD /* GeneralImages.swift */,
			);
			path = Assets;
			sourceTree = "<group>";
		};
		32AF96B42B0DF3D7008A15AD /* Views */ = {
			isa = PBXGroup;
			children = (
				325927442B04DDBB00BD8A6E /* IosApp.swift */,
				327C97172B063E1D000BFA56 /* DoctorSample.swift */,
				32999E592B07757400588FD9 /* MainScreen.swift */,
				32999E5B2B07781C00588FD9 /* HeaderWelcome .swift */,
				32999E5D2B07797D00588FD9 /* ChosenDoctorHeader.swift */,
				329C525D2B07E19600329251 /* SearchButton.swift */,
				32AE6B832B0908C600564924 /* IconsList.swift */,
				32AF96BD2B0E1019008A15AD /* CustomButtonNav.swift */,
				324A16EF2B0940EC0099E9B6 /* ListDoctor.swift */,
				32026E942B0D038D0044367B /* CustomView.swift */,
				32026E962B0D03F30044367B /* CustomTabBar.swift */,
			);
			path = Views;
			sourceTree = "<group>";
		};
		32AF96B52B0DF43D008A15AD /* ViewModel */ = {
			isa = PBXGroup;
			children = (
				326A72892B0D323600BA8173 /* DoctorMenu.swift */,
				326A72872B0D2BDE00BA8173 /* UserInfo.swift */,
				327C97132B063E1D000BFA56 /* Theme.swift */,
				327C97152B063E1D000BFA56 /* DoctorList.swift */,
			);
			path = ViewModel;
			sourceTree = "<group>";
		};
		32AF96B62B0DF52C008A15AD /* DesignSystem */ = {
			isa = PBXGroup;
			children = (
				32D850332B0A6E5C0048FD8D /* TokenTipography.swift */,
				3285FE522B0B9DA50096ECBB /* AppColors.swift */,
				32AF96BB2B0E0BAF008A15AD /* Padding&Size.swift */,
				32D850352B0A74750048FD8D /* Fonts */,
			);
			path = DesignSystem;
			sourceTree = "<group>";
		};
		32AF96C12B0E1E23008A15AD /* Preview Content */ = {
			isa = PBXGroup;
			children = (
				32AF96C22B0E1EFE008A15AD /* example.swift */,
			);
			path = "Preview Content";
			sourceTree = "<group>";
		};
		32B480992B0E34EE000CD8D6 /* git_images */ = {
			isa = PBXGroup;
			children = (
				32B4809A2B0E3506000CD8D6 /* Screen_1.png */,
				32B4809C2B0E3511000CD8D6 /* Screen_2.png */,
			);
			path = git_images;
			sourceTree = "<group>";
		};
		32D850352B0A74750048FD8D /* Fonts */ = {
			isa = PBXGroup;
			children = (
				326A72802B0D1C9900BA8173 /* Nunito-Bold.ttf */,
				326A727F2B0D1B5C00BA8173 /* Nunito-Regular.ttf */,
				32D850362B0A74E50048FD8D /* Poppins-Regular.ttf */,
				32D850382B0A74FF0048FD8D /* Poppins-Bold.ttf */,
				32D8503A2B0A75130048FD8D /* Poppins-Light.ttf */,
				32AF96B92B0E0668008A15AD /* Poppins-SemiBold.ttf */,
			);
			path = Fonts;
			sourceTree = "<group>";
		};
/* End PBXGroup section */

/* Begin PBXNativeTarget section */
		325927402B04DDBB00BD8A6E /* Ios */ = {
			isa = PBXNativeTarget;
			buildConfigurationList = 3259274F2B04DDBC00BD8A6E /* Build configuration list for PBXNativeTarget "Ios" */;
			buildPhases = (
				3259273D2B04DDBB00BD8A6E /* Sources */,
				3259273E2B04DDBB00BD8A6E /* Frameworks */,
				3259273F2B04DDBB00BD8A6E /* Resources */,
			);
			buildRules = (
			);
			dependencies = (
			);
			name = Ios;
			productName = Ios;
			productReference = 325927412B04DDBB00BD8A6E /* Ios.app */;
			productType = "com.apple.product-type.application";
		};
/* End PBXNativeTarget section */

/* Begin PBXProject section */
		325927392B04DDBB00BD8A6E /* Project object */ = {
			isa = PBXProject;
			attributes = {
				BuildIndependentTargetsInParallel = 1;
				LastSwiftUpdateCheck = 1300;
				LastUpgradeCheck = 1300;
				TargetAttributes = {
					325927402B04DDBB00BD8A6E = {
						CreatedOnToolsVersion = 13.0;
					};
				};
			};
			buildConfigurationList = 3259273C2B04DDBB00BD8A6E /* Build configuration list for PBXProject "Ios" */;
			compatibilityVersion = "Xcode 13.0";
			developmentRegion = en;
			hasScannedForEncodings = 0;
			knownRegions = (
				en,
				ru,
			);
			mainGroup = 325927382B04DDBB00BD8A6E;
			productRefGroup = 325927422B04DDBB00BD8A6E /* Products */;
			projectDirPath = "";
			projectRoot = "";
			targets = (
				325927402B04DDBB00BD8A6E /* Ios */,
			);
		};
/* End PBXProject section */

/* Begin PBXResourcesBuildPhase section */
		3259273F2B04DDBB00BD8A6E /* Resources */ = {
			isa = PBXResourcesBuildPhase;
			buildActionMask = 2147483647;
			files = (
				32B4809D2B0E3511000CD8D6 /* Screen_2.png in Resources */,
				32D850372B0A74E50048FD8D /* Poppins-Regular.ttf in Resources */,
				326A72832B0D250100BA8173 /* Localization.strings in Resources */,
				32B4809B2B0E3506000CD8D6 /* Screen_1.png in Resources */,
				32D8503B2B0A75130048FD8D /* Poppins-Light.ttf in Resources */,
				32AF96BA2B0E0668008A15AD /* Poppins-SemiBold.ttf in Resources */,
				325927492B04DDBC00BD8A6E /* Assets.xcassets in Resources */,
				32D850392B0A74FF0048FD8D /* Poppins-Bold.ttf in Resources */,
			);
			runOnlyForDeploymentPostprocessing = 0;
		};
/* End PBXResourcesBuildPhase section */

/* Begin PBXSourcesBuildPhase section */
		3259273D2B04DDBB00BD8A6E /* Sources */ = {
			isa = PBXSourcesBuildPhase;
			buildActionMask = 2147483647;
			files = (
				32AF96C32B0E1EFE008A15AD /* example.swift in Sources */,
				32D850342B0A6E5C0048FD8D /* TokenTipography.swift in Sources */,
				32999E5E2B07797D00588FD9 /* ChosenDoctorHeader.swift in Sources */,
				327C97162B063E1D000BFA56 /* DoctorList.swift in Sources */,
				32026E972B0D03F30044367B /* CustomTabBar.swift in Sources */,
				32999E5C2B07781C00588FD9 /* HeaderWelcome .swift in Sources */,
				324A16F02B0940EC0099E9B6 /* ListDoctor.swift in Sources */,
				32AF96BC2B0E0BAF008A15AD /* Padding&Size.swift in Sources */,
				32AF96BE2B0E1019008A15AD /* CustomButtonNav.swift in Sources */,
				327C97142B063E1D000BFA56 /* Theme.swift in Sources */,
				32026E952B0D038D0044367B /* CustomView.swift in Sources */,
				32999E5A2B07757400588FD9 /* MainScreen.swift in Sources */,
				32AF96B82B0DF6AE008A15AD /* GeneralImages.swift in Sources */,
				326A728A2B0D323600BA8173 /* DoctorMenu.swift in Sources */,
				325927452B04DDBB00BD8A6E /* IosApp.swift in Sources */,
				32AE6B842B0908C600564924 /* IconsList.swift in Sources */,
				3285FE532B0B9DA50096ECBB /* AppColors.swift in Sources */,
				327C97182B063E1D000BFA56 /* DoctorSample.swift in Sources */,
				326A72882B0D2BDE00BA8173 /* UserInfo.swift in Sources */,
				329C525E2B07E19600329251 /* SearchButton.swift in Sources */,
			);
			runOnlyForDeploymentPostprocessing = 0;
		};
/* End PBXSourcesBuildPhase section */

/* Begin PBXVariantGroup section */
		326A72852B0D250100BA8173 /* Localization.strings */ = {
			isa = PBXVariantGroup;
			children = (
				326A72842B0D250100BA8173 /* en */,
			);
			name = Localization.strings;
			sourceTree = "<group>";
		};
/* End PBXVariantGroup section */

/* Begin XCBuildConfiguration section */
		3259274D2B04DDBC00BD8A6E /* Debug */ = {
			isa = XCBuildConfiguration;
			buildSettings = {
				ALWAYS_SEARCH_USER_PATHS = NO;
				CLANG_ANALYZER_LOCALIZABILITY_NONLOCALIZED = YES;
				CLANG_ANALYZER_NONNULL = YES;
				CLANG_ANALYZER_NUMBER_OBJECT_CONVERSION = YES_AGGRESSIVE;
				CLANG_CXX_LANGUAGE_STANDARD = "gnu++17";
				CLANG_CXX_LIBRARY = "libc++";
				CLANG_ENABLE_MODULES = YES;
				CLANG_ENABLE_OBJC_ARC = YES;
				CLANG_ENABLE_OBJC_WEAK = YES;
				CLANG_WARN_BLOCK_CAPTURE_AUTORELEASING = YES;
				CLANG_WARN_BOOL_CONVERSION = YES;
				CLANG_WARN_COMMA = YES;
				CLANG_WARN_CONSTANT_CONVERSION = YES;
				CLANG_WARN_DEPRECATED_OBJC_IMPLEMENTATIONS = YES;
				CLANG_WARN_DIRECT_OBJC_ISA_USAGE = YES_ERROR;
				CLANG_WARN_DOCUMENTATION_COMMENTS = YES;
				CLANG_WARN_EMPTY_BODY = YES;
				CLANG_WARN_ENUM_CONVERSION = YES;
				CLANG_WARN_INFINITE_RECURSION = YES;
				CLANG_WARN_INT_CONVERSION = YES;
				CLANG_WARN_NON_LITERAL_NULL_CONVERSION = YES;
				CLANG_WARN_OBJC_IMPLICIT_RETAIN_SELF = YES;
				CLANG_WARN_OBJC_LITERAL_CONVERSION = YES;
				CLANG_WARN_OBJC_ROOT_CLASS = YES_ERROR;
				CLANG_WARN_QUOTED_INCLUDE_IN_FRAMEWORK_HEADER = YES;
				CLANG_WARN_RANGE_LOOP_ANALYSIS = YES;
				CLANG_WARN_STRICT_PROTOTYPES = YES;
				CLANG_WARN_SUSPICIOUS_MOVE = YES;
				CLANG_WARN_UNGUARDED_AVAILABILITY = YES_AGGRESSIVE;
				CLANG_WARN_UNREACHABLE_CODE = YES;
				CLANG_WARN__DUPLICATE_METHOD_MATCH = YES;
				COPY_PHASE_STRIP = NO;
				DEBUG_INFORMATION_FORMAT = dwarf;
				ENABLE_STRICT_OBJC_MSGSEND = YES;
				ENABLE_TESTABILITY = YES;
				GCC_C_LANGUAGE_STANDARD = gnu11;
				GCC_DYNAMIC_NO_PIC = NO;
				GCC_NO_COMMON_BLOCKS = YES;
				GCC_OPTIMIZATION_LEVEL = 0;
				GCC_PREPROCESSOR_DEFINITIONS = (
					"DEBUG=1",
					"$(inherited)",
				);
				GCC_WARN_64_TO_32_BIT_CONVERSION = YES;
				GCC_WARN_ABOUT_RETURN_TYPE = YES_ERROR;
				GCC_WARN_UNDECLARED_SELECTOR = YES;
				GCC_WARN_UNINITIALIZED_AUTOS = YES_AGGRESSIVE;
				GCC_WARN_UNUSED_FUNCTION = YES;
				GCC_WARN_UNUSED_VARIABLE = YES;
				IPHONEOS_DEPLOYMENT_TARGET = 15.0;
				MTL_ENABLE_DEBUG_INFO = INCLUDE_SOURCE;
				MTL_FAST_MATH = YES;
				ONLY_ACTIVE_ARCH = YES;
				SDKROOT = iphoneos;
				SWIFT_ACTIVE_COMPILATION_CONDITIONS = DEBUG;
				SWIFT_OPTIMIZATION_LEVEL = "-Onone";
			};
			name = Debug;
		};
		3259274E2B04DDBC00BD8A6E /* Release */ = {
			isa = XCBuildConfiguration;
			buildSettings = {
				ALWAYS_SEARCH_USER_PATHS = NO;
				CLANG_ANALYZER_LOCALIZABILITY_NONLOCALIZED = YES;
				CLANG_ANALYZER_NONNULL = YES;
				CLANG_ANALYZER_NUMBER_OBJECT_CONVERSION = YES_AGGRESSIVE;
				CLANG_CXX_LANGUAGE_STANDARD = "gnu++17";
				CLANG_CXX_LIBRARY = "libc++";
				CLANG_ENABLE_MODULES = YES;
				CLANG_ENABLE_OBJC_ARC = YES;
				CLANG_ENABLE_OBJC_WEAK = YES;
				CLANG_WARN_BLOCK_CAPTURE_AUTORELEASING = YES;
				CLANG_WARN_BOOL_CONVERSION = YES;
				CLANG_WARN_COMMA = YES;
				CLANG_WARN_CONSTANT_CONVERSION = YES;
				CLANG_WARN_DEPRECATED_OBJC_IMPLEMENTATIONS = YES;
				CLANG_WARN_DIRECT_OBJC_ISA_USAGE = YES_ERROR;
				CLANG_WARN_DOCUMENTATION_COMMENTS = YES;
				CLANG_WARN_EMPTY_BODY = YES;
				CLANG_WARN_ENUM_CONVERSION = YES;
				CLANG_WARN_INFINITE_RECURSION = YES;
				CLANG_WARN_INT_CONVERSION = YES;
				CLANG_WARN_NON_LITERAL_NULL_CONVERSION = YES;
				CLANG_WARN_OBJC_IMPLICIT_RETAIN_SELF = YES;
				CLANG_WARN_OBJC_LITERAL_CONVERSION = YES;
				CLANG_WARN_OBJC_ROOT_CLASS = YES_ERROR;
				CLANG_WARN_QUOTED_INCLUDE_IN_FRAMEWORK_HEADER = YES;
				CLANG_WARN_RANGE_LOOP_ANALYSIS = YES;
				CLANG_WARN_STRICT_PROTOTYPES = YES;
				CLANG_WARN_SUSPICIOUS_MOVE = YES;
				CLANG_WARN_UNGUARDED_AVAILABILITY = YES_AGGRESSIVE;
				CLANG_WARN_UNREACHABLE_CODE = YES;
				CLANG_WARN__DUPLICATE_METHOD_MATCH = YES;
				COPY_PHASE_STRIP = NO;
				DEBUG_INFORMATION_FORMAT = "dwarf-with-dsym";
				ENABLE_NS_ASSERTIONS = NO;
				ENABLE_STRICT_OBJC_MSGSEND = YES;
				GCC_C_LANGUAGE_STANDARD = gnu11;
				GCC_NO_COMMON_BLOCKS = YES;
				GCC_WARN_64_TO_32_BIT_CONVERSION = YES;
				GCC_WARN_ABOUT_RETURN_TYPE = YES_ERROR;
				GCC_WARN_UNDECLARED_SELECTOR = YES;
				GCC_WARN_UNINITIALIZED_AUTOS = YES_AGGRESSIVE;
				GCC_WARN_UNUSED_FUNCTION = YES;
				GCC_WARN_UNUSED_VARIABLE = YES;
				IPHONEOS_DEPLOYMENT_TARGET = 15.0;
				MTL_ENABLE_DEBUG_INFO = NO;
				MTL_FAST_MATH = YES;
				SDKROOT = iphoneos;
				SWIFT_COMPILATION_MODE = wholemodule;
				SWIFT_OPTIMIZATION_LEVEL = "-O";
				VALIDATE_PRODUCT = YES;
			};
			name = Release;
		};
		325927502B04DDBC00BD8A6E /* Debug */ = {
			isa = XCBuildConfiguration;
			buildSettings = {
				ASSETCATALOG_COMPILER_APPICON_NAME = AppIcon;
				ASSETCATALOG_COMPILER_GLOBAL_ACCENT_COLOR_NAME = AccentColor;
				CODE_SIGN_STYLE = Automatic;
				CURRENT_PROJECT_VERSION = 1;
				DEVELOPMENT_ASSET_PATHS = "\"Ios/Preview Content\"";
				DEVELOPMENT_TEAM = NBPLH6NG7P;
				ENABLE_PREVIEWS = YES;
				GENERATE_INFOPLIST_FILE = YES;
				INFOPLIST_FILE = Ios/Info.plist;
				INFOPLIST_KEY_UIApplicationSceneManifest_Generation = YES;
				INFOPLIST_KEY_UIApplicationSupportsIndirectInputEvents = YES;
				INFOPLIST_KEY_UILaunchScreen_Generation = YES;
				INFOPLIST_KEY_UISupportedInterfaceOrientations_iPad = "UIInterfaceOrientationPortrait UIInterfaceOrientationPortraitUpsideDown UIInterfaceOrientationLandscapeLeft UIInterfaceOrientationLandscapeRight";
				INFOPLIST_KEY_UISupportedInterfaceOrientations_iPhone = "UIInterfaceOrientationPortrait UIInterfaceOrientationLandscapeLeft UIInterfaceOrientationLandscapeRight";
				IPHONEOS_DEPLOYMENT_TARGET = 14.0;
				LD_RUNPATH_SEARCH_PATHS = (
					"$(inherited)",
					"@executable_path/Frameworks",
				);
				MARKETING_VERSION = 1.0;
				PRODUCT_BUNDLE_IDENTIFIER = iOS.Ios;
				PRODUCT_NAME = "$(TARGET_NAME)";
				SWIFT_EMIT_LOC_STRINGS = YES;
				SWIFT_VERSION = 5.0;
				TARGETED_DEVICE_FAMILY = "1,2";
			};
			name = Debug;
		};
		325927512B04DDBC00BD8A6E /* Release */ = {
			isa = XCBuildConfiguration;
			buildSettings = {
				ASSETCATALOG_COMPILER_APPICON_NAME = AppIcon;
				ASSETCATALOG_COMPILER_GLOBAL_ACCENT_COLOR_NAME = AccentColor;
				CODE_SIGN_STYLE = Automatic;
				CURRENT_PROJECT_VERSION = 1;
				DEVELOPMENT_ASSET_PATHS = "\"Ios/Preview Content\"";
				DEVELOPMENT_TEAM = NBPLH6NG7P;
				ENABLE_PREVIEWS = YES;
				GENERATE_INFOPLIST_FILE = YES;
				INFOPLIST_FILE = Ios/Info.plist;
				INFOPLIST_KEY_UIApplicationSceneManifest_Generation = YES;
				INFOPLIST_KEY_UIApplicationSupportsIndirectInputEvents = YES;
				INFOPLIST_KEY_UILaunchScreen_Generation = YES;
				INFOPLIST_KEY_UISupportedInterfaceOrientations_iPad = "UIInterfaceOrientationPortrait UIInterfaceOrientationPortraitUpsideDown UIInterfaceOrientationLandscapeLeft UIInterfaceOrientationLandscapeRight";
				INFOPLIST_KEY_UISupportedInterfaceOrientations_iPhone = "UIInterfaceOrientationPortrait UIInterfaceOrientationLandscapeLeft UIInterfaceOrientationLandscapeRight";
				IPHONEOS_DEPLOYMENT_TARGET = 14.0;
				LD_RUNPATH_SEARCH_PATHS = (
					"$(inherited)",
					"@executable_path/Frameworks",
				);
				MARKETING_VERSION = 1.0;
				PRODUCT_BUNDLE_IDENTIFIER = iOS.Ios;
				PRODUCT_NAME = "$(TARGET_NAME)";
				SWIFT_EMIT_LOC_STRINGS = YES;
				SWIFT_VERSION = 5.0;
				TARGETED_DEVICE_FAMILY = "1,2";
			};
			name = Release;
		};
/* End XCBuildConfiguration section */

/* Begin XCConfigurationList section */
		3259273C2B04DDBB00BD8A6E /* Build configuration list for PBXProject "Ios" */ = {
			isa = XCConfigurationList;
			buildConfigurations = (
				3259274D2B04DDBC00BD8A6E /* Debug */,
				3259274E2B04DDBC00BD8A6E /* Release */,
			);
			defaultConfigurationIsVisible = 0;
			defaultConfigurationName = Release;
		};
		3259274F2B04DDBC00BD8A6E /* Build configuration list for PBXNativeTarget "Ios" */ = {
			isa = XCConfigurationList;
			buildConfigurations = (
				325927502B04DDBC00BD8A6E /* Debug */,
				325927512B04DDBC00BD8A6E /* Release */,
			);
			defaultConfigurationIsVisible = 0;
			defaultConfigurationName = Release;
		};
/* End XCConfigurationList section */
	};
	rootObject = 325927392B04DDBB00BD8A6E /* Project object */;
}
